{
  "name": "landclaims",
  "version": "1.0.0",
  "lockfileVersion": 2,
  "requires": true,
  "packages": {
    "": {
      "name": "landclaims",
      "version": "1.0.0",
      "dependencies": {
        "beapi-core": "file:../../../../../../../../../OneDrive/Desktop/BeAPI/packages/beapi",
        "typescript": "^4.5.4"
      }
    },
    "../../../../../../../../../OneDrive/Desktop/BeAPI/packages/beapi": {
      "version": "1.4.0",
      "license": "MIT",
      "dependencies": {
        "@types/mojang-gametest": "^0.1.2",
        "@types/mojang-minecraft": "^0.1.2",
        "@types/uuid-1345": "^0.99.22",
        "@types/yargs": "^17.0.2",
        "@typescript-eslint/eslint-plugin": "^4.31.0",
        "babel-eslint": "^10.1.0",
        "chalk": "^4.1.2",
        "copy-dir": "^1.3.0",
        "eslint": "^7.32.0",
        "ts-node": "^10.2.1",
        "typescript": "^4.4.2",
        "uuid-1345": "^1.0.2",
        "yargs": "^17.1.1",
        "zip-a-folder": "^1.1.0"
      },
      "bin": {
        "beapi": "bin/beapi.js"
      }
    },
    "node_modules/beapi-core": {
      "resolved": "../../../../../../../../../OneDrive/Desktop/BeAPI/packages/beapi",
      "link": true
    },
    "node_modules/typescript": {
      "version": "4.5.4",
      "resolved": "https://registry.npmjs.org/typescript/-/typescript-4.5.4.tgz",
      "integrity": "sha512-VgYs2A2QIRuGphtzFV7aQJduJ2gyfTljngLzjpfW9FoYZF6xuw1W0vW9ghCKLfcWrCFxK81CSGRAvS1pn4fIUg==",
      "bin": {
        "tsc": "bin/tsc",
        "tsserver": "bin/tsserver"
      },
      "engines": {
        "node": ">=4.2.0"
      }
    }
  },
  "dependencies": {
    "beapi-core": {
      "version": "file:../../../../../../../../../OneDrive/Desktop/BeAPI/packages/beapi",
      "requires": {
        "@types/mojang-gametest": "^0.1.2",
        "@types/mojang-minecraft": "^0.1.2",
        "@types/uuid-1345": "^0.99.22",
        "@types/yargs": "^17.0.2",
        "@typescript-eslint/eslint-plugin": "^4.31.0",
        "babel-eslint": "^10.1.0",
        "chalk": "^4.1.2",
        "copy-dir": "^1.3.0",
        "eslint": "^7.32.0",
        "ts-node": "^10.2.1",
        "typescript": "^4.4.2",
        "uuid-1345": "^1.0.2",
        "yargs": "^17.1.1",
        "zip-a-folder": "^1.1.0"
      }
    },
    "typescript": {
      "version": "4.5.4",
      "resolved": "https://registry.npmjs.org/typescript/-/typescript-4.5.4.tgz",
      "integrity": "sha512-VgYs2A2QIRuGphtzFV7aQJduJ2gyfTljngLzjpfW9FoYZF6xuw1W0vW9ghCKLfcWrCFxK81CSGRAvS1pn4fIUg=="
    }
  }
}
